
Microsoft Visual Studio Solution File, Format Version 12.00
# Visual Studio Version 16
VisualStudioVersion = 16.0.30413.136
MinimumVisualStudioVersion = 10.0.40219.1
Project("{9A19103F-16F7-4668-BE54-9A1E7A4F7556}") = "AngularJSMVC", "WebApplication1\AngularJSMVC.csproj", "{9F4C6868-FB3B-4022-9E16-2B8104006BA8}"
EndProject
Global
	GlobalSection(SolutionConfigurationPlatforms) = preSolution
		Debug|Any CPU = Debug|Any CPU
		Release|Any CPU = Release|Any CPU
	EndGlobalSection
	GlobalSection(ProjectConfigurationPlatforms) = postSolution
		{9F4C6868-FB3B-4022-9E16-2B8104006BA8}.Debug|Any CPU.ActiveCfg = Debug|Any CPU
		{9F4C6868-FB3B-4022-9E16-2B8104006BA8}.Debug|Any CPU.Build.0 = Debug|Any CPU
		{9F4C6868-FB3B-4022-9E16-2B8104006BA8}.Release|Any CPU.ActiveCfg = Release|Any CPU
		{9F4C6868-FB3B-4022-9E16-2B8104006BA8}.Release|Any CPU.Build.0 = Release|Any CPU
	EndGlobalSection
	GlobalSection(SolutionProperties) = preSolution
		HideSolutionNode = FALSE
	EndGlobalSection
	GlobalSection(ExtensibilityGlobals) = postSolution
		SolutionGuid = {0B5DBF50-1060-4199-AED2-62FD0C4726E3}
	EndGlobalSection
EndGlobal
